// !$*UTF8*$!
{
	archiveVersion = 1;
	classes = {
	};
	objectVersion = 46;
	objects = {

/* Begin PBXBuildFile section */
		8841F53C1E654B42009ECFD6 /* main.m in Sources */ = {isa = PBXBuildFile; fileRef = 8841F53B1E654B42009ECFD6 /* main.m */; };
		8841F53F1E654B42009ECFD6 /* AppDelegate.m in Sources */ = {isa = PBXBuildFile; fileRef = 8841F53E1E654B42009ECFD6 /* AppDelegate.m */; };
		8841F5421E654B42009ECFD6 /* ViewController.m in Sources */ = {isa = PBXBuildFile; fileRef = 8841F5411E654B42009ECFD6 /* ViewController.m */; };
		8841F5451E654B42009ECFD6 /* Main.storyboard in Resources */ = {isa = PBXBuildFile; fileRef = 8841F5431E654B42009ECFD6 /* Main.storyboard */; };
		8841F5471E654B42009ECFD6 /* Assets.xcassets in Resources */ = {isa = PBXBuildFile; fileRef = 8841F5461E654B42009ECFD6 /* Assets.xcassets */; };
		8841F54A1E654B42009ECFD6 /* LaunchScreen.storyboard in Resources */ = {isa = PBXBuildFile; fileRef = 8841F5481E654B42009ECFD6 /* LaunchScreen.storyboard */; };
		8841F5551E654B42009ECFD6 /* SampleTests.m in Sources */ = {isa = PBXBuildFile; fileRef = 8841F5541E654B42009ECFD6 /* SampleTests.m */; };
		8841F5601E654B42009ECFD6 /* SampleUITests.m in Sources */ = {isa = PBXBuildFile; fileRef = 8841F55F1E654B42009ECFD6 /* SampleUITests.m */; };
		88A379381E69630D0056E9B0 /* BaseTableViewController.m in Sources */ = {isa = PBXBuildFile; fileRef = 88A379371E69630D0056E9B0 /* BaseTableViewController.m */; };
		88E24EAE1E6944CA005CA38A /* UIScrollView+EmptyDataSet.m in Sources */ = {isa = PBXBuildFile; fileRef = 88E24EA91E6944CA005CA38A /* UIScrollView+EmptyDataSet.m */; };
		88E24EAF1E6944CA005CA38A /* MyAttentionViewController.m in Sources */ = {isa = PBXBuildFile; fileRef = 88E24EAB1E6944CA005CA38A /* MyAttentionViewController.m */; };
		88E24EB01E6944CA005CA38A /* RelationRefreshViewController.m in Sources */ = {isa = PBXBuildFile; fileRef = 88E24EAD1E6944CA005CA38A /* RelationRefreshViewController.m */; };
/* End PBXBuildFile section */

/* Begin PBXContainerItemProxy section */
		8841F5511E654B42009ECFD6 /* PBXContainerItemProxy */ = {
			isa = PBXContainerItemProxy;
			containerPortal = 8841F52F1E654B42009ECFD6 /* Project object */;
			proxyType = 1;
			remoteGlobalIDString = 8841F5361E654B42009ECFD6;
			remoteInfo = Sample;
		};
		8841F55C1E654B42009ECFD6 /* PBXContainerItemProxy */ = {
			isa = PBXContainerItemProxy;
			containerPortal = 8841F52F1E654B42009ECFD6 /* Project object */;
			proxyType = 1;
			remoteGlobalIDString = 8841F5361E654B42009ECFD6;
			remoteInfo = Sample;
		};
/* End PBXContainerItemProxy section */

/* Begin PBXFileReference section */
		8841F5371E654B42009ECFD6 /* Sample.app */ = {isa = PBXFileReference; explicitFileType = wrapper.application; includeInIndex = 0; path = Sample.app; sourceTree = BUILT_PRODUCTS_DIR; };
		8841F53B1E654B42009ECFD6 /* main.m */ = {isa = PBXFileReference; lastKnownFileType = sourcecode.c.objc; path = main.m; sourceTree = "<group>"; };
		8841F53D1E654B42009ECFD6 /* AppDelegate.h */ = {isa = PBXFileReference; lastKnownFileType = sourcecode.c.h; path = AppDelegate.h; sourceTree = "<group>"; };
		8841F53E1E654B42009ECFD6 /* AppDelegate.m */ = {isa = PBXFileReference; lastKnownFileType = sourcecode.c.objc; path = AppDelegate.m; sourceTree = "<group>"; };
		8841F5401E654B42009ECFD6 /* ViewController.h */ = {isa = PBXFileReference; lastKnownFileType = sourcecode.c.h; path = ViewController.h; sourceTree = "<group>"; };
		8841F5411E654B42009ECFD6 /* ViewController.m */ = {isa = PBXFileReference; lastKnownFileType = sourcecode.c.objc; path = ViewController.m; sourceTree = "<group>"; };
		8841F5441E654B42009ECFD6 /* Base */ = {isa = PBXFileReference; lastKnownFileType = file.storyboard; name = Base; path = Base.lproj/Main.storyboard; sourceTree = "<group>"; };
		8841F5461E654B42009ECFD6 /* Assets.xcassets */ = {isa = PBXFileReference; lastKnownFileType = folder.assetcatalog; path = Assets.xcassets; sourceTree = "<group>"; };
		8841F5491E654B42009ECFD6 /* Base */ = {isa = PBXFileReference; lastKnownFileType = file.storyboard; name = Base; path = Base.lproj/LaunchScreen.storyboard; sourceTree = "<group>"; };
		8841F54B1E654B42009ECFD6 /* Info.plist */ = {isa = PBXFileReference; lastKnownFileType = text.plist.xml; path = Info.plist; sourceTree = "<group>"; };
		8841F5501E654B42009ECFD6 /* SampleTests.xctest */ = {isa = PBXFileReference; explicitFileType = wrapper.cfbundle; includeInIndex = 0; path = SampleTests.xctest; sourceTree = BUILT_PRODUCTS_DIR; };
		8841F5541E654B42009ECFD6 /* SampleTests.m */ = {isa = PBXFileReference; lastKnownFileType = sourcecode.c.objc; path = SampleTests.m; sourceTree = "<group>"; };
		8841F5561E654B42009ECFD6 /* Info.plist */ = {isa = PBXFileReference; lastKnownFileType = text.plist.xml; path = Info.plist; sourceTree = "<group>"; };
		8841F55B1E654B42009ECFD6 /* SampleUITests.xctest */ = {isa = PBXFileReference; explicitFileType = wrapper.cfbundle; includeInIndex = 0; path = SampleUITests.xctest; sourceTree = BUILT_PRODUCTS_DIR; };
		8841F55F1E654B42009ECFD6 /* SampleUITests.m */ = {isa = PBXFileReference; lastKnownFileType = sourcecode.c.objc; path = SampleUITests.m; sourceTree = "<group>"; };
		8841F5611E654B42009ECFD6 /* Info.plist */ = {isa = PBXFileReference; lastKnownFileType = text.plist.xml; path = Info.plist; sourceTree = "<group>"; };
		88A379361E69630D0056E9B0 /* BaseTableViewController.h */ = {isa = PBXFileReference; fileEncoding = 4; lastKnownFileType = sourcecode.c.h; path = BaseTableViewController.h; sourceTree = "<group>"; };
		88A379371E69630D0056E9B0 /* BaseTableViewController.m */ = {isa = PBXFileReference; fileEncoding = 4; lastKnownFileType = sourcecode.c.objc; path = BaseTableViewController.m; sourceTree = "<group>"; };
		88E24EA81E6944CA005CA38A /* UIScrollView+EmptyDataSet.h */ = {isa = PBXFileReference; fileEncoding = 4; lastKnownFileType = sourcecode.c.h; path = "UIScrollView+EmptyDataSet.h"; sourceTree = "<group>"; };
		88E24EA91E6944CA005CA38A /* UIScrollView+EmptyDataSet.m */ = {isa = PBXFileReference; fileEncoding = 4; lastKnownFileType = sourcecode.c.objc; path = "UIScrollView+EmptyDataSet.m"; sourceTree = "<group>"; };
		88E24EAA1E6944CA005CA38A /* MyAttentionViewController.h */ = {isa = PBXFileReference; fileEncoding = 4; lastKnownFileType = sourcecode.c.h; path = MyAttentionViewController.h; sourceTree = "<group>"; };
		88E24EAB1E6944CA005CA38A /* MyAttentionViewController.m */ = {isa = PBXFileReference; fileEncoding = 4; lastKnownFileType = sourcecode.c.objc; path = MyAttentionViewController.m; sourceTree = "<group>"; };
		88E24EAC1E6944CA005CA38A /* RelationRefreshViewController.h */ = {isa = PBXFileReference; fileEncoding = 4; lastKnownFileType = sourcecode.c.h; path = RelationRefreshViewController.h; sourceTree = "<group>"; };
		88E24EAD1E6944CA005CA38A /* RelationRefreshViewController.m */ = {isa = PBXFileReference; fileEncoding = 4; lastKnownFileType = sourcecode.c.objc; path = RelationRefreshViewController.m; sourceTree = "<group>"; };
/* End PBXFileReference section */

/* Begin PBXFrameworksBuildPhase section */
		8841F5341E654B42009ECFD6 /* Frameworks */ = {
			isa = PBXFrameworksBuildPhase;
			buildActionMask = 2147483647;
			files = (
			);
			runOnlyForDeploymentPostprocessing = 0;
		};
		8841F54D1E654B42009ECFD6 /* Frameworks */ = {
			isa = PBXFrameworksBuildPhase;
			buildActionMask = 2147483647;
			files = (
			);
			runOnlyForDeploymentPostprocessing = 0;
		};
		8841F5581E654B42009ECFD6 /* Frameworks */ = {
			isa = PBXFrameworksBuildPhase;
			buildActionMask = 2147483647;
			files = (
			);
			runOnlyForDeploymentPostprocessing = 0;
		};
/* End PBXFrameworksBuildPhase section */

/* Begin PBXGroup section */
		8841F52E1E654B42009ECFD6 = {
			isa = PBXGroup;
			children = (
				8841F5391E654B42009ECFD6 /* Sample */,
				8841F5531E654B42009ECFD6 /* SampleTests */,
				8841F55E1E654B42009ECFD6 /* SampleUITests */,
				8841F5381E654B42009ECFD6 /* Products */,
			);
			sourceTree = "<group>";
		};
		8841F5381E654B42009ECFD6 /* Products */ = {
			isa = PBXGroup;
			children = (
				8841F5371E654B42009ECFD6 /* Sample.app */,
				8841F5501E654B42009ECFD6 /* SampleTests.xctest */,
				8841F55B1E654B42009ECFD6 /* SampleUITests.xctest */,
			);
			name = Products;
			sourceTree = "<group>";
		};
		8841F5391E654B42009ECFD6 /* Sample */ = {
			isa = PBXGroup;
			children = (
				8841F53D1E654B42009ECFD6 /* AppDelegate.h */,
				8841F53E1E654B42009ECFD6 /* AppDelegate.m */,
				8841F5401E654B42009ECFD6 /* ViewController.h */,
				8841F5411E654B42009ECFD6 /* ViewController.m */,
				88A379351E69630D0056E9B0 /* BaseViewController */,
				88E24EA61E6944CA005CA38A /* SocialRelation */,
				8841F5431E654B42009ECFD6 /* Main.storyboard */,
				8841F5461E654B42009ECFD6 /* Assets.xcassets */,
				8841F5481E654B42009ECFD6 /* LaunchScreen.storyboard */,
				8841F54B1E654B42009ECFD6 /* Info.plist */,
				8841F53A1E654B42009ECFD6 /* Supporting Files */,
			);
			path = Sample;
			sourceTree = "<group>";
		};
		8841F53A1E654B42009ECFD6 /* Supporting Files */ = {
			isa = PBXGroup;
			children = (
				8841F53B1E654B42009ECFD6 /* main.m */,
			);
			name = "Supporting Files";
			sourceTree = "<group>";
		};
		8841F5531E654B42009ECFD6 /* SampleTests */ = {
			isa = PBXGroup;
			children = (
				8841F5541E654B42009ECFD6 /* SampleTests.m */,
				8841F5561E654B42009ECFD6 /* Info.plist */,
			);
			path = SampleTests;
			sourceTree = "<group>";
		};
		8841F55E1E654B42009ECFD6 /* SampleUITests */ = {
			isa = PBXGroup;
			children = (
				8841F55F1E654B42009ECFD6 /* SampleUITests.m */,
				8841F5611E654B42009ECFD6 /* Info.plist */,
			);
			path = SampleUITests;
			sourceTree = "<group>";
		};
		88A379351E69630D0056E9B0 /* BaseViewController */ = {
			isa = PBXGroup;
			children = (
				88A379361E69630D0056E9B0 /* BaseTableViewController.h */,
				88A379371E69630D0056E9B0 /* BaseTableViewController.m */,
			);
			path = BaseViewController;
			sourceTree = "<group>";
		};
		88E24EA61E6944CA005CA38A /* SocialRelation */ = {
			isa = PBXGroup;
			children = (
				88E24EA71E6944CA005CA38A /* DZNEmptyDataSet */,
				88E24EAA1E6944CA005CA38A /* MyAttentionViewController.h */,
				88E24EAB1E6944CA005CA38A /* MyAttentionViewController.m */,
				88E24EAC1E6944CA005CA38A /* RelationRefreshViewController.h */,
				88E24EAD1E6944CA005CA38A /* RelationRefreshViewController.m */,
			);
			path = SocialRelation;
			sourceTree = "<group>";
		};
		88E24EA71E6944CA005CA38A /* DZNEmptyDataSet */ = {
			isa = PBXGroup;
			children = (
				88E24EA81E6944CA005CA38A /* UIScrollView+EmptyDataSet.h */,
				88E24EA91E6944CA005CA38A /* UIScrollView+EmptyDataSet.m */,
			);
			path = DZNEmptyDataSet;
			sourceTree = "<group>";
		};
/* End PBXGroup section */

/* Begin PBXNativeTarget section */
		8841F5361E654B42009ECFD6 /* Sample */ = {
			isa = PBXNativeTarget;
			buildConfigurationList = 8841F5641E654B42009ECFD6 /* Build configuration list for PBXNativeTarget "Sample" */;
			buildPhases = (
				8841F5331E654B42009ECFD6 /* Sources */,
				8841F5341E654B42009ECFD6 /* Frameworks */,
				8841F5351E654B42009ECFD6 /* Resources */,
			);
			buildRules = (
			);
			dependencies = (
			);
			name = Sample;
			productName = Sample;
			productReference = 8841F5371E654B42009ECFD6 /* Sample.app */;
			productType = "com.apple.product-type.application";
		};
		8841F54F1E654B42009ECFD6 /* SampleTests */ = {
			isa = PBXNativeTarget;
			buildConfigurationList = 8841F5671E654B42009ECFD6 /* Build configuration list for PBXNativeTarget "SampleTests" */;
			buildPhases = (
				8841F54C1E654B42009ECFD6 /* Sources */,
				8841F54D1E654B42009ECFD6 /* Frameworks */,
				8841F54E1E654B42009ECFD6 /* Resources */,
			);
			buildRules = (
			);
			dependencies = (
				8841F5521E654B42009ECFD6 /* PBXTargetDependency */,
			);
			name = SampleTests;
			productName = SampleTests;
			productReference = 8841F5501E654B42009ECFD6 /* SampleTests.xctest */;
			productType = "com.apple.product-type.bundle.unit-test";
		};
		8841F55A1E654B42009ECFD6 /* SampleUITests */ = {
			isa = PBXNativeTarget;
			buildConfigurationList = 8841F56A1E654B42009ECFD6 /* Build configuration list for PBXNativeTarget "SampleUITests" */;
			buildPhases = (
				8841F5571E654B42009ECFD6 /* Sources */,
				8841F5581E654B42009ECFD6 /* Frameworks */,
				8841F5591E654B42009ECFD6 /* Resources */,
			);
			buildRules = (
			);
			dependencies = (
				8841F55D1E654B42009ECFD6 /* PBXTargetDependency */,
			);
			name = SampleUITests;
			productName = SampleUITests;
			productReference = 8841F55B1E654B42009ECFD6 /* SampleUITests.xctest */;
			productType = "com.apple.product-type.bundle.ui-testing";
		};
/* End PBXNativeTarget section */

/* Begin PBXProject section */
		8841F52F1E654B42009ECFD6 /* Project object */ = {
			isa = PBXProject;
			attributes = {
				LastUpgradeCheck = 0820;
				ORGANIZATIONNAME = xiaoku;
				TargetAttributes = {
					8841F5361E654B42009ECFD6 = {
						CreatedOnToolsVersion = 8.2.1;
						ProvisioningStyle = Manual;
					};
					8841F54F1E654B42009ECFD6 = {
						CreatedOnToolsVersion = 8.2.1;
						ProvisioningStyle = Automatic;
						TestTargetID = 8841F5361E654B42009ECFD6;
					};
					8841F55A1E654B42009ECFD6 = {
						CreatedOnToolsVersion = 8.2.1;
						ProvisioningStyle = Automatic;
						TestTargetID = 8841F5361E654B42009ECFD6;
					};
				};
			};
			buildConfigurationList = 8841F5321E654B42009ECFD6 /* Build configuration list for PBXProject "Sample" */;
			compatibilityVersion = "Xcode 3.2";
			developmentRegion = English;
			hasScannedForEncodings = 0;
			knownRegions = (
				en,
				Base,
			);
			mainGroup = 8841F52E1E654B42009ECFD6;
			productRefGroup = 8841F5381E654B42009ECFD6 /* Products */;
			projectDirPath = "";
			projectRoot = "";
			targets = (
				8841F5361E654B42009ECFD6 /* Sample */,
				8841F54F1E654B42009ECFD6 /* SampleTests */,
				8841F55A1E654B42009ECFD6 /* SampleUITests */,
			);
		};
/* End PBXProject section */

/* Begin PBXResourcesBuildPhase section */
		8841F5351E654B42009ECFD6 /* Resources */ = {
			isa = PBXResourcesBuildPhase;
			buildActionMask = 2147483647;
			files = (
				8841F54A1E654B42009ECFD6 /* LaunchScreen.storyboard in Resources */,
				8841F5471E654B42009ECFD6 /* Assets.xcassets in Resources */,
				8841F5451E654B42009ECFD6 /* Main.storyboard in Resources */,
			);
			runOnlyForDeploymentPostprocessing = 0;
		};
		8841F54E1E654B42009ECFD6 /* Resources */ = {
			isa = PBXResourcesBuildPhase;
			buildActionMask = 2147483647;
			files = (
			);
			runOnlyForDeploymentPostprocessing = 0;
		};
		8841F5591E654B42009ECFD6 /* Resources */ = {
			isa = PBXResourcesBuildPhase;
			buildActionMask = 2147483647;
			files = (
			);
			runOnlyForDeploymentPostprocessing = 0;
		};
/* End PBXResourcesBuildPhase section */

/* Begin PBXSourcesBuildPhase section */
		8841F5331E654B42009ECFD6 /* Sources */ = {
			isa = PBXSourcesBuildPhase;
			buildActionMask = 2147483647;
			files = (
				8841F5421E654B42009ECFD6 /* ViewController.m in Sources */,
				8841F53F1E654B42009ECFD6 /* AppDelegate.m in Sources */,
				88E24EB01E6944CA005CA38A /* RelationRefreshViewController.m in Sources */,
				88A379381E69630D0056E9B0 /* BaseTableViewController.m in Sources */,
				88E24EAF1E6944CA005CA38A /* MyAttentionViewController.m in Sources */,
				88E24EAE1E6944CA005CA38A /* UIScrollView+EmptyDataSet.m in Sources */,
				8841F53C1E654B42009ECFD6 /* main.m in Sources */,
			);
			runOnlyForDeploymentPostprocessing = 0;
		};
		8841F54C1E654B42009ECFD6 /* Sources */ = {
			isa = PBXSourcesBuildPhase;
			buildActionMask = 2147483647;
			files = (
				8841F5551E654B42009ECFD6 /* SampleTests.m in Sources */,
			);
			runOnlyForDeploymentPostprocessing = 0;
		};
		8841F5571E654B42009ECFD6 /* Sources */ = {
			isa = PBXSourcesBuildPhase;
			buildActionMask = 2147483647;
			files = (
				8841F5601E654B42009ECFD6 /* SampleUITests.m in Sources */,
			);
			runOnlyForDeploymentPostprocessing = 0;
		};
/* End PBXSourcesBuildPhase section */

/* Begin PBXTargetDependency section */
		8841F5521E654B42009ECFD6 /* PBXTargetDependency */ = {
			isa = PBXTargetDependency;
			target = 8841F5361E654B42009ECFD6 /* Sample */;
			targetProxy = 8841F5511E654B42009ECFD6 /* PBXContainerItemProxy */;
		};
		8841F55D1E654B42009ECFD6 /* PBXTargetDependency */ = {
			isa = PBXTargetDependency;
			target = 8841F5361E654B42009ECFD6 /* Sample */;
			targetProxy = 8841F55C1E654B42009ECFD6 /* PBXContainerItemProxy */;
		};
/* End PBXTargetDependency section */

/* Begin PBXVariantGroup section */
		8841F5431E654B42009ECFD6 /* Main.storyboard */ = {
			isa = PBXVariantGroup;
			children = (
				8841F5441E654B42009ECFD6 /* Base */,
			);
			name = Main.storyboard;
			sourceTree = "<group>";
		};
		8841F5481E654B42009ECFD6 /* LaunchScreen.storyboard */ = {
			isa = PBXVariantGroup;
			children = (
				8841F5491E654B42009ECFD6 /* Base */,
			);
			name = LaunchScreen.storyboard;
			sourceTree = "<group>";
		};
/* End PBXVariantGroup section */

/* Begin XCBuildConfiguration section */
		8841F5621E654B42009ECFD6 /* Debug */ = {
			isa = XCBuildConfiguration;
			buildSettings = {
				ALWAYS_SEARCH_USER_PATHS = NO;
				CLANG_ANALYZER_NONNULL = YES;
				CLANG_CXX_LANGUAGE_STANDARD = "gnu++0x";
				CLANG_CXX_LIBRARY = "libc++";
				CLANG_ENABLE_MODULES = YES;
				CLANG_ENABLE_OBJC_ARC = YES;
				CLANG_WARN_BOOL_CONVERSION = YES;
				CLANG_WARN_CONSTANT_CONVERSION = YES;
				CLANG_WARN_DIRECT_OBJC_ISA_USAGE = YES_ERROR;
				CLANG_WARN_DOCUMENTATION_COMMENTS = YES;
				CLANG_WARN_EMPTY_BODY = YES;
				CLANG_WARN_ENUM_CONVERSION = YES;
				CLANG_WARN_INFINITE_RECURSION = YES;
				CLANG_WARN_INT_CONVERSION = YES;
				CLANG_WARN_OBJC_ROOT_CLASS = YES_ERROR;
				CLANG_WARN_SUSPICIOUS_MOVE = YES;
				CLANG_WARN_UNREACHABLE_CODE = YES;
				CLANG_WARN__DUPLICATE_METHOD_MATCH = YES;
				"CODE_SIGN_IDENTITY[sdk=iphoneos*]" = "iPhone Developer";
				COPY_PHASE_STRIP = NO;
				DEBUG_INFORMATION_FORMAT = dwarf;
				ENABLE_STRICT_OBJC_MSGSEND = YES;
				ENABLE_TESTABILITY = YES;
				GCC_C_LANGUAGE_STANDARD = gnu99;
				GCC_DYNAMIC_NO_PIC = NO;
				GCC_NO_COMMON_BLOCKS = YES;
				GCC_OPTIMIZATION_LEVEL = 0;
				GCC_PREPROCESSOR_DEFINITIONS = (
					"DEBUG=1",
					"$(inherited)",
				);
				GCC_WARN_64_TO_32_BIT_CONVERSION = YES;
				GCC_WARN_ABOUT_RETURN_TYPE = YES_ERROR;
				GCC_WARN_UNDECLARED_SELECTOR = YES;
				GCC_WARN_UNINITIALIZED_AUTOS = YES_AGGRESSIVE;
				GCC_WARN_UNUSED_FUNCTION = YES;
				GCC_WARN_UNUSED_VARIABLE = YES;
				IPHONEOS_DEPLOYMENT_TARGET = 10.2;
				MTL_ENABLE_DEBUG_INFO = YES;
				ONLY_ACTIVE_ARCH = YES;
				SDKROOT = iphoneos;
				TARGETED_DEVICE_FAMILY = "1,2";
			};
			name = Debug;
		};
		8841F5631E654B42009ECFD6 /* Release */ = {
			isa = XCBuildConfiguration;
			buildSettings = {
				ALWAYS_SEARCH_USER_PATHS = NO;
				CLANG_ANALYZER_NONNULL = YES;
				CLANG_CXX_LANGUAGE_STANDARD = "gnu++0x";
				CLANG_CXX_LIBRARY = "libc++";
				CLANG_ENABLE_MODULES = YES;
				CLANG_ENABLE_OBJC_ARC = YES;
				CLANG_WARN_BOOL_CONVERSION = YES;
				CLANG_WARN_CONSTANT_CONVERSION = YES;
				CLANG_WARN_DIRECT_OBJC_ISA_USAGE = YES_ERROR;
				CLANG_WARN_DOCUMENTATION_COMMENTS = YES;
				CLANG_WARN_EMPTY_BODY = YES;
				CLANG_WARN_ENUM_CONVERSION = YES;
				CLANG_WARN_INFINITE_RECURSION = YES;
				CLANG_WARN_INT_CONVERSION = YES;
				CLANG_WARN_OBJC_ROOT_CLASS = YES_ERROR;
				CLANG_WARN_SUSPICIOUS_MOVE = YES;
				CLANG_WARN_UNREACHABLE_CODE = YES;
				CLANG_WARN__DUPLICATE_METHOD_MATCH = YES;
				"CODE_SIGN_IDENTITY[sdk=iphoneos*]" = "iPhone Developer";
				COPY_PHASE_STRIP = NO;
				DEBUG_INFORMATION_FORMAT = "dwarf-with-dsym";
				ENABLE_NS_ASSERTIONS = NO;
				ENABLE_STRICT_OBJC_MSGSEND = YES;
				GCC_C_LANGUAGE_STANDARD = gnu99;
				GCC_NO_COMMON_BLOCKS = YES;
				GCC_WARN_64_TO_32_BIT_CONVERSION = YES;
				GCC_WARN_ABOUT_RETURN_TYPE = YES_ERROR;
				GCC_WARN_UNDECLARED_SELECTOR = YES;
				GCC_WARN_UNINITIALIZED_AUTOS = YES_AGGRESSIVE;
				GCC_WARN_UNUSED_FUNCTION = YES;
				GCC_WARN_UNUSED_VARIABLE = YES;
				IPHONEOS_DEPLOYMENT_TARGET = 10.2;
				MTL_ENABLE_DEBUG_INFO = NO;
				SDKROOT = iphoneos;
				TARGETED_DEVICE_FAMILY = "1,2";
				VALIDATE_PRODUCT = YES;
			};
			name = Release;
		};
		8841F5651E654B42009ECFD6 /* Debug */ = {
			isa = XCBuildConfiguration;
			buildSettings = {
				ASSETCATALOG_COMPILER_APPICON_NAME = AppIcon;
				DEVELOPMENT_TEAM = "";
				INFOPLIST_FILE = Sample/Info.plist;
				LD_RUNPATH_SEARCH_PATHS = "$(inherited) @executable_path/Frameworks";
				PRODUCT_BUNDLE_IDENTIFIER = xk.Sample;
				PRODUCT_NAME = "$(TARGET_NAME)";
			};
			name = Debug;
		};
		8841F5661E654B42009ECFD6 /* Release */ = {
			isa = XCBuildConfiguration;
			buildSettings = {
				ASSETCATALOG_COMPILER_APPICON_NAME = AppIcon;
				DEVELOPMENT_TEAM = "";
				INFOPLIST_FILE = Sample/Info.plist;
				LD_RUNPATH_SEARCH_PATHS = "$(inherited) @executable_path/Frameworks";
				PRODUCT_BUNDLE_IDENTIFIER = xk.Sample;
				PRODUCT_NAME = "$(TARGET_NAME)";
			};
			name = Release;
		};
		8841F5681E654B42009ECFD6 /* Debug */ = {
			isa = XCBuildConfiguration;
			buildSettings = {
				BUNDLE_LOADER = "$(TEST_HOST)";
				INFOPLIST_FILE = SampleTests/Info.plist;
				LD_RUNPATH_SEARCH_PATHS = "$(inherited) @executable_path/Frameworks @loader_path/Frameworks";
				PRODUCT_BUNDLE_IDENTIFIER = xk.SampleTests;
				PRODUCT_NAME = "$(TARGET_NAME)";
				TEST_HOST = "$(BUILT_PRODUCTS_DIR)/Sample.app/Sample";
			};
			name = Debug;
		};
		8841F5691E654B42009ECFD6 /* Release */ = {
			isa = XCBuildConfiguration;
			buildSettings = {
				BUNDLE_LOADER = "$(TEST_HOST)";
				INFOPLIST_FILE = SampleTests/Info.plist;
				LD_RUNPATH_SEARCH_PATHS = "$(inherited) @executable_path/Frameworks @loader_path/Frameworks";
				PRODUCT_BUNDLE_IDENTIFIER = xk.SampleTests;
				PRODUCT_NAME = "$(TARGET_NAME)";
				TEST_HOST = "$(BUILT_PRODUCTS_DIR)/Sample.app/Sample";
			};
			name = Release;
		};
		8841F56B1E654B42009ECFD6 /* Debug */ = {
			isa = XCBuildConfiguration;
			buildSettings = {
				INFOPLIST_FILE = SampleUITests/Info.plist;
				LD_RUNPATH_SEARCH_PATHS = "$(inherited) @executable_path/Frameworks @loader_path/Frameworks";
				PRODUCT_BUNDLE_IDENTIFIER = xk.SampleUITests;
				PRODUCT_NAME = "$(TARGET_NAME)";
				TEST_TARGET_NAME = Sample;
			};
			name = Debug;
		};
		8841F56C1E654B42009ECFD6 /* Release */ = {
			isa = XCBuildConfiguration;
			buildSettings = {
				INFOPLIST_FILE = SampleUITests/Info.plist;
				LD_RUNPATH_SEARCH_PATHS = "$(inherited) @executable_path/Frameworks @loader_path/Frameworks";
				PRODUCT_BUNDLE_IDENTIFIER = xk.SampleUITests;
				PRODUCT_NAME = "$(TARGET_NAME)";
				TEST_TARGET_NAME = Sample;
			};
			name = Release;
		};
/* End XCBuildConfiguration section */

/* Begin XCConfigurationList section */
		8841F5321E654B42009ECFD6 /* Build configuration list for PBXProject "Sample" */ = {
			isa = XCConfigurationList;
			buildConfigurations = (
				8841F5621E654B42009ECFD6 /* Debug */,
				8841F5631E654B42009ECFD6 /* Release */,
			);
			defaultConfigurationIsVisible = 0;
			defaultConfigurationName = Release;
		};
		8841F5641E654B42009ECFD6 /* Build configuration list for PBXNativeTarget "Sample" */ = {
			isa = XCConfigurationList;
			buildConfigurations = (
				8841F5651E654B42009ECFD6 /* Debug */,
				8841F5661E654B42009ECFD6 /* Release */,
			);
			defaultConfigurationIsVisible = 0;
			defaultConfigurationName = Release;
		};
		8841F5671E654B42009ECFD6 /* Build configuration list for PBXNativeTarget "SampleTests" */ = {
			isa = XCConfigurationList;
			buildConfigurations = (
				8841F5681E654B42009ECFD6 /* Debug */,
				8841F5691E654B42009ECFD6 /* Release */,
			);
			defaultConfigurationIsVisible = 0;
			defaultConfigurationName = Release;
		};
		8841F56A1E654B42009ECFD6 /* Build configuration list for PBXNativeTarget "SampleUITests" */ = {
			isa = XCConfigurationList;
			buildConfigurations = (
				8841F56B1E654B42009ECFD6 /* Debug */,
				8841F56C1E654B42009ECFD6 /* Release */,
			);
			defaultConfigurationIsVisible = 0;
			defaultConfigurationName = Release;
		};
/* End XCConfigurationList section */
	};
	rootObject = 8841F52F1E654B42009ECFD6 /* Project object */;
}
